{
    "_readme": [
        "This file locks the dependencies of your project to a known state",
        "Read more about it at https://getcomposer.org/doc/01-basic-usage.md#installing-dependencies",
        "This file is @generated automatically"
    ],
    "content-hash": "7e38f65b8c2cb38911eba29014e1e87c",
    "packages": [
        {
            "name": "death_satan/str-helpers",
            "version": "v1.0.2",
            "source": {
                "type": "git",
                "url": "https://github.com/Death-Satan/str-helpers.git",
                "reference": "9435608f206600b9572fab850e7d6de562c3070c"
            },
            "dist": {
                "type": "zip",
                "url": "https://api.github.com/repos/Death-Satan/str-helpers/zipball/9435608f206600b9572fab850e7d6de562c3070c",
                "reference": "9435608f206600b9572fab850e7d6de562c3070c",
                "shasum": "",
                "mirrors": [
                    {
                        "url": "https://mirrors.aliyun.com/composer/dists/%package%/%reference%.%type%",
                        "preferred": true
                    }
                ]
            },
            "require": {
                "doctrine/inflector": "*",
                "overtrue/pinyin": "*",
                "php": ">=7.3"
            },
            "type": "library",
            "autoload": {
                "psr-4": {
                    "DeathSatan\\StrHelpers\\": "src/"
                }
            },
            "notification-url": "https://packagist.org/downloads/",
            "license": [
                "MIT"
            ],
            "authors": [
                {
                    "name": "Death-Satan",
                    "email": "2771717608@qq.com"
                }
            ],
            "description": "string helpers Class",
            "support": {
                "issues": "https://github.com/Death-Satan/str-helpers/issues",
                "source": "https://github.com/Death-Satan/str-helpers/tree/v1.0.2"
            },
            "time": "2022-03-11T11:43:52+00:00"
        },
        {
            "name": "doctrine/inflector",
            "version": "2.0.4",
            "source": {
                "type": "git",
                "url": "https://github.com/doctrine/inflector.git",
                "reference": "8b7ff3e4b7de6b2c84da85637b59fd2880ecaa89"
            },
            "dist": {
                "type": "zip",
                "url": "https://api.github.com/repos/doctrine/inflector/zipball/8b7ff3e4b7de6b2c84da85637b59fd2880ecaa89",
                "reference": "8b7ff3e4b7de6b2c84da85637b59fd2880ecaa89",
                "shasum": "",
                "mirrors": [
                    {
                        "url": "https://mirrors.aliyun.com/composer/dists/%package%/%reference%.%type%",
                        "preferred": true
                    }
                ]
            },
            "require": {
                "php": "^7.2 || ^8.0"
            },
            "require-dev": {
                "doctrine/coding-standard": "^8.2",
                "phpstan/phpstan": "^0.12",
                "phpstan/phpstan-phpunit": "^0.12",
                "phpstan/phpstan-strict-rules": "^0.12",
                "phpunit/phpunit": "^7.0 || ^8.0 || ^9.0",
                "vimeo/psalm": "^4.10"
            },
            "type": "library",
            "autoload": {
                "psr-4": {
                    "Doctrine\\Inflector\\": "lib/Doctrine/Inflector"
                }
            },
            "notification-url": "https://packagist.org/downloads/",
            "license": [
                "MIT"
            ],
            "authors": [
                {
                    "name": "Guilherme Blanco",
                    "email": "guilhermeblanco@gmail.com"
                },
                {
                    "name": "Roman Borschel",
                    "email": "roman@code-factory.org"
                },
                {
                    "name": "Benjamin Eberlei",
                    "email": "kontakt@beberlei.de"
                },
                {
                    "name": "Jonathan Wage",
                    "email": "jonwage@gmail.com"
                },
                {
                    "name": "Johannes Schmitt",
                    "email": "schmittjoh@gmail.com"
                }
            ],
            "description": "PHP Doctrine Inflector is a small library that can perform string manipulations with regard to upper/lowercase and singular/plural forms of words.",
            "homepage": "https://www.doctrine-project.org/projects/inflector.html",
            "keywords": [
                "inflection",
                "inflector",
                "lowercase",
                "manipulation",
                "php",
                "plural",
                "singular",
                "strings",
                "uppercase",
                "words"
            ],
            "support": {
                "issues": "https://github.com/doctrine/inflector/issues",
                "source": "https://github.com/doctrine/inflector/tree/2.0.4"
            },
            "funding": [
                {
                    "url": "https://www.doctrine-project.org/sponsorship.html",
                    "type": "custom"
                },
                {
                    "url": "https://www.patreon.com/phpdoctrine",
                    "type": "patreon"
                },
                {
                    "url": "https://tidelift.com/funding/github/packagist/doctrine%2Finflector",
                    "type": "tidelift"
                }
            ],
            "time": "2021-10-22T20:16:43+00:00"
        },
        {
            "name": "overtrue/pinyin",
            "version": "5.0.0",
            "source": {
                "type": "git",
                "url": "https://github.com/overtrue/pinyin.git",
                "reference": "4ee638c108f1230389e17ceaf2d1e0aebc3cedee"
            },
            "dist": {
                "type": "zip",
                "url": "https://api.github.com/repos/overtrue/pinyin/zipball/4ee638c108f1230389e17ceaf2d1e0aebc3cedee",
                "reference": "4ee638c108f1230389e17ceaf2d1e0aebc3cedee",
                "shasum": "",
                "mirrors": [
                    {
                        "url": "https://mirrors.aliyun.com/composer/dists/%package%/%reference%.%type%",
                        "preferred": true
                    }
                ]
            },
            "require": {
                "php": ">=8.0.2"
            },
            "require-dev": {
                "brainmaestro/composer-git-hooks": "^2.7",
                "friendsofphp/php-cs-fixer": "^3.2",
                "nunomaduro/termwind": "^1.13",
                "phpunit/phpunit": "^9.5"
            },
            "type": "library",
            "extra": {
                "hooks": {
                    "pre-commit": [
                        "composer test",
                        "composer fix-style"
                    ],
                    "pre-push": [
                        "composer test",
                        "composer check-style"
                    ]
                }
            },
            "autoload": {
                "psr-4": {
                    "Overtrue\\Pinyin\\": "src/"
                }
            },
            "notification-url": "https://packagist.org/downloads/",
            "license": [
                "MIT"
            ],
            "authors": [
                {
                    "name": "overtrue",
                    "email": "anzhengchao@gmail.com",
                    "homepage": "http://github.com/overtrue"
                }
            ],
            "description": "Chinese to pinyin translator.",
            "homepage": "https://github.com/overtrue/pinyin",
            "keywords": [
                "Chinese",
                "Pinyin",
                "cn2pinyin"
            ],
            "support": {
                "issues": "https://github.com/overtrue/pinyin/issues",
                "source": "https://github.com/overtrue/pinyin/tree/5.0.0"
            },
            "funding": [
                {
                    "url": "https://github.com/overtrue",
                    "type": "github"
                }
            ],
            "time": "2022-07-24T11:43:54+00:00"
        }
    ],
    "packages-dev": [],
    "aliases": [],
    "minimum-stability": "stable",
    "stability-flags": [],
    "prefer-stable": false,
    "prefer-lowest": false,
    "platform": {
        "php": ">=8.0"
    },
    "platform-dev": [],
    "plugin-api-version": "2.3.0"
}
